
Microsoft Visual Studio Solution File, Format Version 12.00
# Visual Studio 15
VisualStudioVersion = 15.0.26730.12
MinimumVisualStudioVersion = 10.0.40219.1
Project("{FAE04EC0-301F-11D3-BF4B-00C04F79EFBC}") = "NoughtsAndCrosses", "NoughtsAndCrosses\NoughtsAndCrosses.csproj", "{1485DD12-5ACF-47A9-92A7-5BFFDAD2BD6B}"
EndProject
Project("{FAE04EC0-301F-11D3-BF4B-00C04F79EFBC}") = "GameComponents", "GameComponents\GameComponents.csproj", "{AA8B13A1-E2E1-46B4-8C01-6320B524AD93}"
EndProject
Project("{FAE04EC0-301F-11D3-BF4B-00C04F79EFBC}") = "GameComponentsUnitTests", "GameComponentsUnitTests\GameComponentsUnitTests.csproj", "{F1CC0F69-6D14-490E-950F-327621A1D409}"
EndProject
Global
	GlobalSection(SolutionConfigurationPlatforms) = preSolution
		Debug|Any CPU = Debug|Any CPU
		Release|Any CPU = Release|Any CPU
	EndGlobalSection
	GlobalSection(ProjectConfigurationPlatforms) = postSolution
		{1485DD12-5ACF-47A9-92A7-5BFFDAD2BD6B}.Debug|Any CPU.ActiveCfg = Debug|Any CPU
		{1485DD12-5ACF-47A9-92A7-5BFFDAD2BD6B}.Debug|Any CPU.Build.0 = Debug|Any CPU
		{1485DD12-5ACF-47A9-92A7-5BFFDAD2BD6B}.Release|Any CPU.ActiveCfg = Release|Any CPU
		{1485DD12-5ACF-47A9-92A7-5BFFDAD2BD6B}.Release|Any CPU.Build.0 = Release|Any CPU
		{AA8B13A1-E2E1-46B4-8C01-6320B524AD93}.Debug|Any CPU.ActiveCfg = Debug|Any CPU
		{AA8B13A1-E2E1-46B4-8C01-6320B524AD93}.Debug|Any CPU.Build.0 = Debug|Any CPU
		{AA8B13A1-E2E1-46B4-8C01-6320B524AD93}.Release|Any CPU.ActiveCfg = Release|Any CPU
		{AA8B13A1-E2E1-46B4-8C01-6320B524AD93}.Release|Any CPU.Build.0 = Release|Any CPU
		{F1CC0F69-6D14-490E-950F-327621A1D409}.Debug|Any CPU.ActiveCfg = Debug|Any CPU
		{F1CC0F69-6D14-490E-950F-327621A1D409}.Debug|Any CPU.Build.0 = Debug|Any CPU
		{F1CC0F69-6D14-490E-950F-327621A1D409}.Release|Any CPU.ActiveCfg = Release|Any CPU
		{F1CC0F69-6D14-490E-950F-327621A1D409}.Release|Any CPU.Build.0 = Release|Any CPU
	EndGlobalSection
	GlobalSection(SolutionProperties) = preSolution
		HideSolutionNode = FALSE
	EndGlobalSection
	GlobalSection(ExtensibilityGlobals) = postSolution
		SolutionGuid = {31B9BBCA-07DF-49A1-81CD-28E0E4495C90}
	EndGlobalSection
EndGlobal
